
Microsoft Visual Studio Solution File, Format Version 12.00
# Visual Studio Version 16
VisualStudioVersion = 16.0.31019.35
MinimumVisualStudioVersion = 10.0.40219.1
Project("{8BC9CEB8-8B4A-11D0-8D11-00A0C91BC942}") = "Testapp4.1", "Testapp4.1\Testapp4.1.vcxproj", "{2696AC9A-DC7D-4F05-A807-AAB3444ECFBD}"
EndProject
Global
	GlobalSection(SolutionConfigurationPlatforms) = preSolution
		Debug|x64 = Debug|x64
		Debug|x86 = Debug|x86
		Release|x64 = Release|x64
		Release|x86 = Release|x86
	EndGlobalSection
	GlobalSection(ProjectConfigurationPlatforms) = postSolution
		{2696AC9A-DC7D-4F05-A807-AAB3444ECFBD}.Debug|x64.ActiveCfg = Debug|x64
		{2696AC9A-DC7D-4F05-A807-AAB3444ECFBD}.Debug|x64.Build.0 = Debug|x64
		{2696AC9A-DC7D-4F05-A807-AAB3444ECFBD}.Debug|x86.ActiveCfg = Debug|Win32
		{2696AC9A-DC7D-4F05-A807-AAB3444ECFBD}.Debug|x86.Build.0 = Debug|Win32
		{2696AC9A-DC7D-4F05-A807-AAB3444ECFBD}.Release|x64.ActiveCfg = Release|x64
		{2696AC9A-DC7D-4F05-A807-AAB3444ECFBD}.Release|x64.Build.0 = Release|x64
		{2696AC9A-DC7D-4F05-A807-AAB3444ECFBD}.Release|x86.ActiveCfg = Release|Win32
		{2696AC9A-DC7D-4F05-A807-AAB3444ECFBD}.Release|x86.Build.0 = Release|Win32
	EndGlobalSection
	GlobalSection(SolutionProperties) = preSolution
		HideSolutionNode = FALSE
	EndGlobalSection
	GlobalSection(ExtensibilityGlobals) = postSolution
		SolutionGuid = {6C57C7D6-42BC-4415-AB06-F24FD74A9F95}
	EndGlobalSection
EndGlobal
